PODS:
  - GoogleWebRTC (1.1.31999)
  - HMSVideo (0.10.6):
    - GoogleWebRTC (= 1.1.31999)

DEPENDENCIES:
  - HMSVideo (from `../`)

SPEC REPOS:
  trunk:
    - GoogleWebRTC

EXTERNAL SOURCES:
  HMSVideo:
    :path: "../"

SPEC CHECKSUMS:
  GoogleWebRTC: b39a78c4f5cc6b0323415b9233db03a2faa7b0f0
  HMSVideo: d5d6c744cb276f7e75ceb872f8f04959fb95e87d

PODFILE CHECKSUM: 8a4763b4adea3ff402ba09ec59344644223a7c21

COCOAPODS: 1.10.1
